
Microsoft Visual Studio Solution File, Format Version 12.00
# Visual Studio Version 17
VisualStudioVersion = 17.3.32819.101
MinimumVisualStudioVersion = 10.0.40219.1
Project("{FAE04EC0-301F-11D3-BF4B-00C04F79EFBC}") = "RockPaperScissors", "RockPaperScissors\RockPaperScissors.csproj", "{52018396-BBEF-463D-943D-776890427E5D}"
EndProject
Global
	GlobalSection(SolutionConfigurationPlatforms) = preSolution
		Debug|Any CPU = Debug|Any CPU
		Release|Any CPU = Release|Any CPU
	EndGlobalSection
	GlobalSection(ProjectConfigurationPlatforms) = postSolution
		{52018396-BBEF-463D-943D-776890427E5D}.Debug|Any CPU.ActiveCfg = Debug|Any CPU
		{52018396-BBEF-463D-943D-776890427E5D}.Debug|Any CPU.Build.0 = Debug|Any CPU
		{52018396-BBEF-463D-943D-776890427E5D}.Release|Any CPU.ActiveCfg = Release|Any CPU
		{52018396-BBEF-463D-943D-776890427E5D}.Release|Any CPU.Build.0 = Release|Any CPU
	EndGlobalSection
	GlobalSection(SolutionProperties) = preSolution
		HideSolutionNode = FALSE
	EndGlobalSection
	GlobalSection(ExtensibilityGlobals) = postSolution
		SolutionGuid = {B772E9E6-C4E7-4C65-A801-EBB92F8C0E7B}
	EndGlobalSection
EndGlobal
